
Microsoft Visual Studio Solution File, Format Version 12.00
# Visual Studio Version 16
VisualStudioVersion = 16.0.31605.320
MinimumVisualStudioVersion = 10.0.40219.1
Project("{FAE04EC0-301F-11D3-BF4B-00C04F79EFBC}") = "QRCode", "QRCode\QRCode.csproj", "{20616C4C-8435-4AC4-8391-0E7B828FC238}"
EndProject
Global
	GlobalSection(SolutionConfigurationPlatforms) = preSolution
		Debug|Any CPU = Debug|Any CPU
		Release|Any CPU = Release|Any CPU
	EndGlobalSection
	GlobalSection(ProjectConfigurationPlatforms) = postSolution
		{20616C4C-8435-4AC4-8391-0E7B828FC238}.Debug|Any CPU.ActiveCfg = Debug|Any CPU
		{20616C4C-8435-4AC4-8391-0E7B828FC238}.Debug|Any CPU.Build.0 = Debug|Any CPU
		{20616C4C-8435-4AC4-8391-0E7B828FC238}.Release|Any CPU.ActiveCfg = Release|Any CPU
		{20616C4C-8435-4AC4-8391-0E7B828FC238}.Release|Any CPU.Build.0 = Release|Any CPU
	EndGlobalSection
	GlobalSection(SolutionProperties) = preSolution
		HideSolutionNode = FALSE
	EndGlobalSection
	GlobalSection(ExtensibilityGlobals) = postSolution
		SolutionGuid = {0D796541-7339-4603-8868-F8F39294B89A}
	EndGlobalSection
EndGlobal
